<?xml version="1.0" encoding="UTF-8" standalone="yes" ?>
<CodeBlocks_project_file>
	<FileVersion major="1" minor="6" />
	<Project>
		<Option title="Simple3D" />
		<Option pch_mode="2" />
		<Option compiler="gcc" />
		<Build>
			<Target title="Debug">
				<Option output="bin\Debug\Simple3D" prefix_auto="1" extension_auto="1" />
				<Option object_output="obj\Debug\" />
				<Option type="1" />
				<Option compiler="gcc" />
				<Compiler>
					<Add option="-g" />
				</Compiler>
			</Target>
			<Target title="Release">
				<Option output="bin\Release\Simple3D" prefix_auto="1" extension_auto="1" />
				<Option object_output="obj\Release\" />
				<Option type="0" />
				<Option compiler="gcc" />
				<Compiler>
					<Add option="-O2" />
				</Compiler>
				<Linker>
					<Add option="-s" />
				</Linker>
			</Target>
		</Build>
		<Compiler>
			<Add option="-Wall" />
		</Compiler>
		<Linker>
			<Add library="gdi32" />
			<Add library="user32" />
			<Add library="kernel32" />
		</Linker>
		<Unit filename="S3DPoint.cpp" />
		<Unit filename="S3DPoint.h">
			<Option target="Release" />
		</Unit>
		<Unit filename="S3DPrimitive.cpp" />
		<Unit filename="S3DPrimitive.h">
			<Option target="Release" />
		</Unit>
		<Unit filename="S3DRect.cpp" />
		<Unit filename="S3DRect.h">
			<Option target="Release" />
		</Unit>
		<Unit filename="S3DTriangle.cpp" />
		<Unit filename="S3DTriangle.h">
			<Option target="Release" />
		</Unit>
		<Unit filename="Simple3D.cpp" />
		<Unit filename="Simple3D.h" />
		<Unit filename="global.h" />
		<Unit filename="main.cpp" />
		<Unit filename="types.h" />
		<Extensions>
			<code_completion />
			<debugger />
		</Extensions>
	</Project>
</CodeBlocks_project_file>
